{
  "name": ".mcp-google-devtools",
  "lockfileVersion": 3,
  "requires": true,
  "packages": {
    "": {
      "dependencies": {
        "chrome-devtools-mcp": "0.17.3"
      }
    },
    "node_modules/chrome-devtools-mcp": {
      "version": "0.17.3",
      "resolved": "https://registry.npmjs.org/chrome-devtools-mcp/-/chrome-devtools-mcp-0.17.3.tgz",
      "integrity": "sha512-TcJIkvr5GXaVPAbsB0bpSVa0YiM694TvkdAN2TTKO94PXnZga2/2nmgIAVDm41QjJexhMCR+vO7J1rF8LwmiiQ==",
      "license": "Apache-2.0",
      "bin": {
        "chrome-devtools-mcp": "build/src/index.js"
      },
      "engines": {
        "node": "^20.19.0 || ^22.12.0 || >=23"
      }
    }
  }
}
